
Microsoft Visual Studio Solution File, Format Version 12.00
# Visual Studio Version 16
VisualStudioVersion = 16.0.29926.136
MinimumVisualStudioVersion = 10.0.40219.1
Project("{FAE04EC0-301F-11D3-BF4B-00C04F79EFBC}") = "Books", "MDIApp\Books.csproj", "{8FA2FC82-6892-49B8-AF12-EFE45F41D125}"
EndProject
Global
	GlobalSection(SolutionConfigurationPlatforms) = preSolution
		Debug|Any CPU = Debug|Any CPU
		Release|Any CPU = Release|Any CPU
	EndGlobalSection
	GlobalSection(ProjectConfigurationPlatforms) = postSolution
		{8FA2FC82-6892-49B8-AF12-EFE45F41D125}.Debug|Any CPU.ActiveCfg = Debug|Any CPU
		{8FA2FC82-6892-49B8-AF12-EFE45F41D125}.Debug|Any CPU.Build.0 = Debug|Any CPU
		{8FA2FC82-6892-49B8-AF12-EFE45F41D125}.Release|Any CPU.ActiveCfg = Release|Any CPU
		{8FA2FC82-6892-49B8-AF12-EFE45F41D125}.Release|Any CPU.Build.0 = Release|Any CPU
	EndGlobalSection
	GlobalSection(SolutionProperties) = preSolution
		HideSolutionNode = FALSE
	EndGlobalSection
	GlobalSection(ExtensibilityGlobals) = postSolution
		SolutionGuid = {45D03E70-5F4C-4ECF-A600-B89CA72C7A8B}
	EndGlobalSection
EndGlobal
